{
  "requires": true,
  "lockfileVersion": 1,
  "dependencies": {
    "three": {
      "version": "0.104.0",
      "resolved": "https://registry.npmjs.org/three/-/three-0.104.0.tgz",
      "integrity": "sha512-q617IMBC5k40U2E9UC4/LtmhzTOOLB1jGMIooUL+QrhZ7abiGCSDrKrpCDt9V8RTl6xw+0FYfA1PYsIPKbQOgg=="
    },
    "three-collada-loader": {
      "version": "0.0.1",
      "resolved": "https://registry.npmjs.org/three-collada-loader/-/three-collada-loader-0.0.1.tgz",
      "integrity": "sha1-R8OIVGTXSRYHTZGgtp6cZgw8IZs="
    },
    "three-gltf-loader": {
      "version": "1.104.0",
      "resolved": "https://registry.npmjs.org/three-gltf-loader/-/three-gltf-loader-1.104.0.tgz",
      "integrity": "sha512-fCflJzo1xRAhibhfa2QwkSlgkY+fZyWmYGjmQ7rmAh//5GkcgJ9kLb+Fh9LDIGgSx8Np6YqUCKLmiQsdLUAZeg=="
    }
  }
}
